
Microsoft Visual Studio Solution File, Format Version 12.00
# Visual Studio Version 17
VisualStudioVersion = 17.5.002.0
MinimumVisualStudioVersion = 10.0.40219.1
Project("{9A19103F-16F7-4668-BE54-9A1E7A4F7556}") = "Hakuna", "Hakuna.csproj", "{53017A23-061C-4DFD-91DF-7F83F7D35D00}"
EndProject
Global
	GlobalSection(SolutionConfigurationPlatforms) = preSolution
		Debug|Any CPU = Debug|Any CPU
		Release|Any CPU = Release|Any CPU
	EndGlobalSection
	GlobalSection(ProjectConfigurationPlatforms) = postSolution
		{53017A23-061C-4DFD-91DF-7F83F7D35D00}.Debug|Any CPU.ActiveCfg = Debug|Any CPU
		{53017A23-061C-4DFD-91DF-7F83F7D35D00}.Debug|Any CPU.Build.0 = Debug|Any CPU
		{53017A23-061C-4DFD-91DF-7F83F7D35D00}.Release|Any CPU.ActiveCfg = Release|Any CPU
		{53017A23-061C-4DFD-91DF-7F83F7D35D00}.Release|Any CPU.Build.0 = Release|Any CPU
	EndGlobalSection
	GlobalSection(SolutionProperties) = preSolution
		HideSolutionNode = FALSE
	EndGlobalSection
	GlobalSection(ExtensibilityGlobals) = postSolution
		SolutionGuid = {C0AA86C9-1AAC-4AF9-82C9-9E93FB84F86F}
	EndGlobalSection
EndGlobal
